
Microsoft Visual Studio Solution File, Format Version 12.00
# Visual Studio 2012
Project("{8BC9CEB8-8B4A-11D0-8D11-00A0C91BC942}") = "Merge k Sorted Lists", "Merge k Sorted Lists\Merge k Sorted Lists.vcxproj", "{8D9F7E31-8DD7-4B27-B234-928F033DF220}"
EndProject
Global
	GlobalSection(SolutionConfigurationPlatforms) = preSolution
		Debug|Win32 = Debug|Win32
		Release|Win32 = Release|Win32
	EndGlobalSection
	GlobalSection(ProjectConfigurationPlatforms) = postSolution
		{8D9F7E31-8DD7-4B27-B234-928F033DF220}.Debug|Win32.ActiveCfg = Debug|Win32
		{8D9F7E31-8DD7-4B27-B234-928F033DF220}.Debug|Win32.Build.0 = Debug|Win32
		{8D9F7E31-8DD7-4B27-B234-928F033DF220}.Release|Win32.ActiveCfg = Release|Win32
		{8D9F7E31-8DD7-4B27-B234-928F033DF220}.Release|Win32.Build.0 = Release|Win32
	EndGlobalSection
	GlobalSection(SolutionProperties) = preSolution
		HideSolutionNode = FALSE
	EndGlobalSection
EndGlobal
