
Microsoft Visual Studio Solution File, Format Version 12.00
# Visual Studio 2012
Project("{8BC9CEB8-8B4A-11D0-8D11-00A0C91BC942}") = "Remove Duplicates from Sorted Array", "Remove Duplicates from Sorted Array\Remove Duplicates from Sorted Array.vcxproj", "{D4428255-5C67-4BE9-A43C-70641CCB4E45}"
EndProject
Global
	GlobalSection(SolutionConfigurationPlatforms) = preSolution
		Debug|Win32 = Debug|Win32
		Release|Win32 = Release|Win32
	EndGlobalSection
	GlobalSection(ProjectConfigurationPlatforms) = postSolution
		{D4428255-5C67-4BE9-A43C-70641CCB4E45}.Debug|Win32.ActiveCfg = Debug|Win32
		{D4428255-5C67-4BE9-A43C-70641CCB4E45}.Debug|Win32.Build.0 = Debug|Win32
		{D4428255-5C67-4BE9-A43C-70641CCB4E45}.Release|Win32.ActiveCfg = Release|Win32
		{D4428255-5C67-4BE9-A43C-70641CCB4E45}.Release|Win32.Build.0 = Release|Win32
	EndGlobalSection
	GlobalSection(SolutionProperties) = preSolution
		HideSolutionNode = FALSE
	EndGlobalSection
EndGlobal
