
Microsoft Visual Studio Solution File, Format Version 12.00
# Visual Studio 2012
Project("{8BC9CEB8-8B4A-11D0-8D11-00A0C91BC942}") = "K-th String(Microsoft)", "K-th String(Microsoft)\K-th String(Microsoft).vcxproj", "{5D7059F4-BC8C-4E3E-9E5A-65BD7415DFFC}"
EndProject
Global
	GlobalSection(SolutionConfigurationPlatforms) = preSolution
		Debug|Win32 = Debug|Win32
		Release|Win32 = Release|Win32
	EndGlobalSection
	GlobalSection(ProjectConfigurationPlatforms) = postSolution
		{5D7059F4-BC8C-4E3E-9E5A-65BD7415DFFC}.Debug|Win32.ActiveCfg = Debug|Win32
		{5D7059F4-BC8C-4E3E-9E5A-65BD7415DFFC}.Debug|Win32.Build.0 = Debug|Win32
		{5D7059F4-BC8C-4E3E-9E5A-65BD7415DFFC}.Release|Win32.ActiveCfg = Release|Win32
		{5D7059F4-BC8C-4E3E-9E5A-65BD7415DFFC}.Release|Win32.Build.0 = Release|Win32
	EndGlobalSection
	GlobalSection(SolutionProperties) = preSolution
		HideSolutionNode = FALSE
	EndGlobalSection
EndGlobal
