
Microsoft Visual Studio Solution File, Format Version 12.00
# Visual Studio 2012
Project("{8BC9CEB8-8B4A-11D0-8D11-00A0C91BC942}") = "Combination SumII", "Combination SumII\Combination SumII.vcxproj", "{35516FAF-FFC3-45D5-B006-7E0FC6691ECA}"
EndProject
Global
	GlobalSection(SolutionConfigurationPlatforms) = preSolution
		Debug|Win32 = Debug|Win32
		Release|Win32 = Release|Win32
	EndGlobalSection
	GlobalSection(ProjectConfigurationPlatforms) = postSolution
		{35516FAF-FFC3-45D5-B006-7E0FC6691ECA}.Debug|Win32.ActiveCfg = Debug|Win32
		{35516FAF-FFC3-45D5-B006-7E0FC6691ECA}.Debug|Win32.Build.0 = Debug|Win32
		{35516FAF-FFC3-45D5-B006-7E0FC6691ECA}.Release|Win32.ActiveCfg = Release|Win32
		{35516FAF-FFC3-45D5-B006-7E0FC6691ECA}.Release|Win32.Build.0 = Release|Win32
	EndGlobalSection
	GlobalSection(SolutionProperties) = preSolution
		HideSolutionNode = FALSE
	EndGlobalSection
EndGlobal
