
Microsoft Visual Studio Solution File, Format Version 12.00
# Visual Studio 2012
Project("{8BC9CEB8-8B4A-11D0-8D11-00A0C91BC942}") = "Next Permutation", "Next Permutation\Next Permutation.vcxproj", "{C1C6706C-0500-4160-BE8F-0104E79142A8}"
EndProject
Global
	GlobalSection(SolutionConfigurationPlatforms) = preSolution
		Debug|Win32 = Debug|Win32
		Release|Win32 = Release|Win32
	EndGlobalSection
	GlobalSection(ProjectConfigurationPlatforms) = postSolution
		{C1C6706C-0500-4160-BE8F-0104E79142A8}.Debug|Win32.ActiveCfg = Debug|Win32
		{C1C6706C-0500-4160-BE8F-0104E79142A8}.Debug|Win32.Build.0 = Debug|Win32
		{C1C6706C-0500-4160-BE8F-0104E79142A8}.Release|Win32.ActiveCfg = Release|Win32
		{C1C6706C-0500-4160-BE8F-0104E79142A8}.Release|Win32.Build.0 = Release|Win32
	EndGlobalSection
	GlobalSection(SolutionProperties) = preSolution
		HideSolutionNode = FALSE
	EndGlobalSection
EndGlobal
