
Microsoft Visual Studio Solution File, Format Version 12.00
# Visual Studio 2012
Project("{8BC9CEB8-8B4A-11D0-8D11-00A0C91BC942}") = "Anagrams", "Anagrams\Anagrams.vcxproj", "{FAF585EA-782D-4C93-BD37-8630B4160519}"
EndProject
Global
	GlobalSection(SolutionConfigurationPlatforms) = preSolution
		Debug|Win32 = Debug|Win32
		Release|Win32 = Release|Win32
	EndGlobalSection
	GlobalSection(ProjectConfigurationPlatforms) = postSolution
		{FAF585EA-782D-4C93-BD37-8630B4160519}.Debug|Win32.ActiveCfg = Debug|Win32
		{FAF585EA-782D-4C93-BD37-8630B4160519}.Debug|Win32.Build.0 = Debug|Win32
		{FAF585EA-782D-4C93-BD37-8630B4160519}.Release|Win32.ActiveCfg = Release|Win32
		{FAF585EA-782D-4C93-BD37-8630B4160519}.Release|Win32.Build.0 = Release|Win32
	EndGlobalSection
	GlobalSection(SolutionProperties) = preSolution
		HideSolutionNode = FALSE
	EndGlobalSection
EndGlobal
