
Microsoft Visual Studio Solution File, Format Version 12.00
# Visual Studio 2012
Project("{8BC9CEB8-8B4A-11D0-8D11-00A0C91BC942}") = "AddBinary", "AddBinary\AddBinary.vcxproj", "{EB2D7686-733F-408B-B4E1-F78C0D26FC32}"
EndProject
Global
	GlobalSection(SolutionConfigurationPlatforms) = preSolution
		Debug|Win32 = Debug|Win32
		Release|Win32 = Release|Win32
	EndGlobalSection
	GlobalSection(ProjectConfigurationPlatforms) = postSolution
		{EB2D7686-733F-408B-B4E1-F78C0D26FC32}.Debug|Win32.ActiveCfg = Debug|Win32
		{EB2D7686-733F-408B-B4E1-F78C0D26FC32}.Debug|Win32.Build.0 = Debug|Win32
		{EB2D7686-733F-408B-B4E1-F78C0D26FC32}.Release|Win32.ActiveCfg = Release|Win32
		{EB2D7686-733F-408B-B4E1-F78C0D26FC32}.Release|Win32.Build.0 = Release|Win32
	EndGlobalSection
	GlobalSection(SolutionProperties) = preSolution
		HideSolutionNode = FALSE
	EndGlobalSection
EndGlobal
