
Microsoft Visual Studio Solution File, Format Version 12.00
# Visual Studio 2012
Project("{8BC9CEB8-8B4A-11D0-8D11-00A0C91BC942}") = "Unique Binary Search Trees", "Unique Binary Search Trees\Unique Binary Search Trees.vcxproj", "{9CAB1A6D-E35D-42B5-BA82-719C66D4FA15}"
EndProject
Global
	GlobalSection(SolutionConfigurationPlatforms) = preSolution
		Debug|Win32 = Debug|Win32
		Release|Win32 = Release|Win32
	EndGlobalSection
	GlobalSection(ProjectConfigurationPlatforms) = postSolution
		{9CAB1A6D-E35D-42B5-BA82-719C66D4FA15}.Debug|Win32.ActiveCfg = Debug|Win32
		{9CAB1A6D-E35D-42B5-BA82-719C66D4FA15}.Debug|Win32.Build.0 = Debug|Win32
		{9CAB1A6D-E35D-42B5-BA82-719C66D4FA15}.Release|Win32.ActiveCfg = Release|Win32
		{9CAB1A6D-E35D-42B5-BA82-719C66D4FA15}.Release|Win32.Build.0 = Release|Win32
	EndGlobalSection
	GlobalSection(SolutionProperties) = preSolution
		HideSolutionNode = FALSE
	EndGlobalSection
EndGlobal
