
Microsoft Visual Studio Solution File, Format Version 12.00
# Visual Studio 2012
Project("{8BC9CEB8-8B4A-11D0-8D11-00A0C91BC942}") = "exchangeCoin(DP_solution)", "exchangeCoin(DP_solution)\exchangeCoin(DP_solution).vcxproj", "{C8DEE71A-DAED-47D8-B52A-63834D9E6FDD}"
EndProject
Global
	GlobalSection(SolutionConfigurationPlatforms) = preSolution
		Debug|Win32 = Debug|Win32
		Release|Win32 = Release|Win32
	EndGlobalSection
	GlobalSection(ProjectConfigurationPlatforms) = postSolution
		{C8DEE71A-DAED-47D8-B52A-63834D9E6FDD}.Debug|Win32.ActiveCfg = Debug|Win32
		{C8DEE71A-DAED-47D8-B52A-63834D9E6FDD}.Debug|Win32.Build.0 = Debug|Win32
		{C8DEE71A-DAED-47D8-B52A-63834D9E6FDD}.Release|Win32.ActiveCfg = Release|Win32
		{C8DEE71A-DAED-47D8-B52A-63834D9E6FDD}.Release|Win32.Build.0 = Release|Win32
	EndGlobalSection
	GlobalSection(SolutionProperties) = preSolution
		HideSolutionNode = FALSE
	EndGlobalSection
EndGlobal
